
Microsoft Visual Studio Solution File, Format Version 12.00
# Visual Studio Version 17
VisualStudioVersion = 17.6.33815.320
MinimumVisualStudioVersion = 10.0.40219.1
Project("{FAE04EC0-301F-11D3-BF4B-00C04F79EFBC}") = "Aurastha.API", "Aurastha.API\Aurastha.API.csproj", "{0B7D5614-EF60-4B7A-9610-093B842DEB49}"
EndProject
Project("{FAE04EC0-301F-11D3-BF4B-00C04F79EFBC}") = "Aurastha.Api.Business", "Aurastha.Api.Business\Aurastha.Api.Business.csproj", "{D0BB75FA-B413-4866-BAF8-F233C6BA2344}"
EndProject
Project("{FAE04EC0-301F-11D3-BF4B-00C04F79EFBC}") = "Aurastha.Api.Models", "Aurastha.Api.Models\Aurastha.Api.Models.csproj", "{57BBAA33-029A-4702-B669-917E405AA5DA}"
EndProject
Project("{FAE04EC0-301F-11D3-BF4B-00C04F79EFBC}") = "Aurastha.Api.Repository", "Aurastha.Api.Repository\Aurastha.Api.Repository.csproj", "{53A8B3BB-0B1B-44F6-8F2B-1DE52E647314}"
EndProject
Global
	GlobalSection(SolutionConfigurationPlatforms) = preSolution
		Debug|Any CPU = Debug|Any CPU
		Release|Any CPU = Release|Any CPU
	EndGlobalSection
	GlobalSection(ProjectConfigurationPlatforms) = postSolution
		{0B7D5614-EF60-4B7A-9610-093B842DEB49}.Debug|Any CPU.ActiveCfg = Debug|Any CPU
		{0B7D5614-EF60-4B7A-9610-093B842DEB49}.Debug|Any CPU.Build.0 = Debug|Any CPU
		{0B7D5614-EF60-4B7A-9610-093B842DEB49}.Release|Any CPU.ActiveCfg = Release|Any CPU
		{0B7D5614-EF60-4B7A-9610-093B842DEB49}.Release|Any CPU.Build.0 = Release|Any CPU
		{D0BB75FA-B413-4866-BAF8-F233C6BA2344}.Debug|Any CPU.ActiveCfg = Debug|Any CPU
		{D0BB75FA-B413-4866-BAF8-F233C6BA2344}.Debug|Any CPU.Build.0 = Debug|Any CPU
		{D0BB75FA-B413-4866-BAF8-F233C6BA2344}.Release|Any CPU.ActiveCfg = Release|Any CPU
		{D0BB75FA-B413-4866-BAF8-F233C6BA2344}.Release|Any CPU.Build.0 = Release|Any CPU
		{57BBAA33-029A-4702-B669-917E405AA5DA}.Debug|Any CPU.ActiveCfg = Debug|Any CPU
		{57BBAA33-029A-4702-B669-917E405AA5DA}.Debug|Any CPU.Build.0 = Debug|Any CPU
		{57BBAA33-029A-4702-B669-917E405AA5DA}.Release|Any CPU.ActiveCfg = Release|Any CPU
		{57BBAA33-029A-4702-B669-917E405AA5DA}.Release|Any CPU.Build.0 = Release|Any CPU
		{53A8B3BB-0B1B-44F6-8F2B-1DE52E647314}.Debug|Any CPU.ActiveCfg = Debug|Any CPU
		{53A8B3BB-0B1B-44F6-8F2B-1DE52E647314}.Debug|Any CPU.Build.0 = Debug|Any CPU
		{53A8B3BB-0B1B-44F6-8F2B-1DE52E647314}.Release|Any CPU.ActiveCfg = Release|Any CPU
		{53A8B3BB-0B1B-44F6-8F2B-1DE52E647314}.Release|Any CPU.Build.0 = Release|Any CPU
	EndGlobalSection
	GlobalSection(SolutionProperties) = preSolution
		HideSolutionNode = FALSE
	EndGlobalSection
	GlobalSection(ExtensibilityGlobals) = postSolution
		SolutionGuid = {2BE95679-AED4-4C44-8645-314F25A46901}
	EndGlobalSection
EndGlobal
